# This file was autogenerated by Stack.
# You should not edit this file by hand.
# For more information, please see the documentation at:
#   https://docs.haskellstack.org/en/stable/lock_files

packages:
- completed:
    hackage: xmonad-contrib-0.15@sha256:eef6017e28589627cbedc2d19ded21dafe213b290b63476e0bb0aba031ad2197,16148
    pantry-tree:
      size: 19355
      sha256: c31d5ea796aff69132da66a8b02010284fee9353b3d2dc314aa650935dc4084e
  original:
    hackage: xmonad-contrib-0.15
- completed:
    cabal-file:
      size: 5255
      sha256: db671d78ecd66f39f23decf60974a3e078525ec9d2be68a3946b0cfb4d3954fa
    name: xmonad
    version: '0.15'
    git: https://github.com/aiya000/xmonad
    pantry-tree:
      size: 2978
      sha256: 865cd1188620c12d5eb19a61bb6ce32fbf563976ea2a0f58f9864094525fe18d
    commit: 5404b5a44134efa587d543a1d6341b75b589b393
  original:
    git: https://github.com/aiya000/xmonad
    commit: 5404b5a44134efa587d543a1d6341b75b589b393
snapshots:
- completed:
    size: 525662
    url: https://raw.githubusercontent.com/commercialhaskell/stackage-snapshots/master/lts/14/15.yaml
    sha256: c5e673e5723931b64ef2eb5004f6d9ea3c95b58d48388dbc4de6f66b97c81f7a
  original: lts-14.15
